// !$*UTF8*$!
{
	archiveVersion = 1;
	classes = {
	};
	objectVersion = 55;
	objects = {

/* Begin PBXBuildFile section */
		AF2DCF482A2679E500302448 /* AppDelegate.swift in Sources */ = {isa = PBXBuildFile; fileRef = AF2DCF472A2679E500302448 /* AppDelegate.swift */; };
		AF2DCF4A2A2679E500302448 /* SceneDelegate.swift in Sources */ = {isa = PBXBuildFile; fileRef = AF2DCF492A2679E500302448 /* SceneDelegate.swift */; };
		AF2DCF4C2A2679E500302448 /* AnasayfaVC.swift in Sources */ = {isa = PBXBuildFile; fileRef = AF2DCF4B2A2679E500302448 /* AnasayfaVC.swift */; };
		AF2DCF4F2A2679E500302448 /* Main.storyboard in Resources */ = {isa = PBXBuildFile; fileRef = AF2DCF4D2A2679E500302448 /* Main.storyboard */; };
		AF2DCF512A2679E600302448 /* Assets.xcassets in Resources */ = {isa = PBXBuildFile; fileRef = AF2DCF502A2679E600302448 /* Assets.xcassets */; };
		AF2DCF542A2679E600302448 /* LaunchScreen.storyboard in Resources */ = {isa = PBXBuildFile; fileRef = AF2DCF522A2679E600302448 /* LaunchScreen.storyboard */; };
		AF2DCF5C2A267DCE00302448 /* KisiKayitVC.swift in Sources */ = {isa = PBXBuildFile; fileRef = AF2DCF5B2A267DCE00302448 /* KisiKayitVC.swift */; };
		AF2DCF5E2A267DFC00302448 /* KisiDetayVC.swift in Sources */ = {isa = PBXBuildFile; fileRef = AF2DCF5D2A267DFC00302448 /* KisiDetayVC.swift */; };
		AF2DCF602A2692FF00302448 /* Kisiler.swift in Sources */ = {isa = PBXBuildFile; fileRef = AF2DCF5F2A2692FF00302448 /* Kisiler.swift */; };
		AF2DCF622A2B1C0C00302448 /* KisiTableViewCell.swift in Sources */ = {isa = PBXBuildFile; fileRef = AF2DCF612A2B1C0C00302448 /* KisiTableViewCell.swift */; };
		AF5DD6122A6297560009B9EB /* AnasayfaProtocols.swift in Sources */ = {isa = PBXBuildFile; fileRef = AF5DD6112A6297560009B9EB /* AnasayfaProtocols.swift */; };
		AF5DD6142A62976A0009B9EB /* AnasayfaRouter.swift in Sources */ = {isa = PBXBuildFile; fileRef = AF5DD6132A62976A0009B9EB /* AnasayfaRouter.swift */; };
		AF5DD6162A63140F0009B9EB /* AnasayfaInteractor.swift in Sources */ = {isa = PBXBuildFile; fileRef = AF5DD6152A63140F0009B9EB /* AnasayfaInteractor.swift */; };
		AF5DD6192A6314430009B9EB /* AnasayfaPresenter.swift in Sources */ = {isa = PBXBuildFile; fileRef = AF5DD6182A6314430009B9EB /* AnasayfaPresenter.swift */; };
		AF5DD61F2A6317330009B9EB /* KisiKayitProtocols.swift in Sources */ = {isa = PBXBuildFile; fileRef = AF5DD61E2A6317330009B9EB /* KisiKayitProtocols.swift */; };
		AF5DD6212A63176E0009B9EB /* KisiKayitRouter.swift in Sources */ = {isa = PBXBuildFile; fileRef = AF5DD6202A63176E0009B9EB /* KisiKayitRouter.swift */; };
		AF5DD6232A63177F0009B9EB /* KisiKayitInteractor.swift in Sources */ = {isa = PBXBuildFile; fileRef = AF5DD6222A63177F0009B9EB /* KisiKayitInteractor.swift */; };
		AF5DD6292A6318400009B9EB /* KisiDetayProtocols.swift in Sources */ = {isa = PBXBuildFile; fileRef = AF5DD6282A6318400009B9EB /* KisiDetayProtocols.swift */; };
		AF5DD62B2A6318570009B9EB /* KisiDetayRouter.swift in Sources */ = {isa = PBXBuildFile; fileRef = AF5DD62A2A6318570009B9EB /* KisiDetayRouter.swift */; };
		AF5DD62D2A6318970009B9EB /* KisiDetayPresenter.swift in Sources */ = {isa = PBXBuildFile; fileRef = AF5DD62C2A6318970009B9EB /* KisiDetayPresenter.swift */; };
		AF5DD62F2A6319050009B9EB /* KisiDetayInteractor.swift in Sources */ = {isa = PBXBuildFile; fileRef = AF5DD62E2A6319050009B9EB /* KisiDetayInteractor.swift */; };
		AF5DD6322A6321940009B9EB /* KisiKayitPresenter.swift in Sources */ = {isa = PBXBuildFile; fileRef = AF5DD6312A6321940009B9EB /* KisiKayitPresenter.swift */; };
		AF5DD6352A648C780009B9EB /* rehber.sqlite in Resources */ = {isa = PBXBuildFile; fileRef = AF5DD6342A648C780009B9EB /* rehber.sqlite */; };
		AF76E8A02A6BAB2F00C62AD2 /* libsqlite3.tbd in Frameworks */ = {isa = PBXBuildFile; fileRef = AF7531C92A65C861008FE436 /* libsqlite3.tbd */; };
		AF76E8B02A6BB19500C62AD2 /* FMDatabaseQueue.m in Sources */ = {isa = PBXBuildFile; fileRef = AF76E8A52A6BB19400C62AD2 /* FMDatabaseQueue.m */; };
		AF76E8B12A6BB19500C62AD2 /* FMDatabaseAdditions.m in Sources */ = {isa = PBXBuildFile; fileRef = AF76E8A72A6BB19400C62AD2 /* FMDatabaseAdditions.m */; };
		AF76E8B22A6BB19500C62AD2 /* FMDatabasePool.m in Sources */ = {isa = PBXBuildFile; fileRef = AF76E8A82A6BB19400C62AD2 /* FMDatabasePool.m */; };
		AF76E8B32A6BB19500C62AD2 /* FMDatabase.m in Sources */ = {isa = PBXBuildFile; fileRef = AF76E8AA2A6BB19400C62AD2 /* FMDatabase.m */; };
		AF76E8B42A6BB19500C62AD2 /* FMResultSet.m in Sources */ = {isa = PBXBuildFile; fileRef = AF76E8AD2A6BB19400C62AD2 /* FMResultSet.m */; };
/* End PBXBuildFile section */

/* Begin PBXFileReference section */
		AF2DCF442A2679E500302448 /* UDM-KisilerAppViperDsgn.app */ = {isa = PBXFileReference; explicitFileType = wrapper.application; includeInIndex = 0; path = "UDM-KisilerAppViperDsgn.app"; sourceTree = BUILT_PRODUCTS_DIR; };
		AF2DCF472A2679E500302448 /* AppDelegate.swift */ = {isa = PBXFileReference; lastKnownFileType = sourcecode.swift; path = AppDelegate.swift; sourceTree = "<group>"; };
		AF2DCF492A2679E500302448 /* SceneDelegate.swift */ = {isa = PBXFileReference; lastKnownFileType = sourcecode.swift; path = SceneDelegate.swift; sourceTree = "<group>"; };
		AF2DCF4B2A2679E500302448 /* AnasayfaVC.swift */ = {isa = PBXFileReference; lastKnownFileType = sourcecode.swift; path = AnasayfaVC.swift; sourceTree = "<group>"; };
		AF2DCF4E2A2679E500302448 /* Base */ = {isa = PBXFileReference; lastKnownFileType = file.storyboard; name = Base; path = Base.lproj/Main.storyboard; sourceTree = "<group>"; };
		AF2DCF502A2679E600302448 /* Assets.xcassets */ = {isa = PBXFileReference; lastKnownFileType = folder.assetcatalog; path = Assets.xcassets; sourceTree = "<group>"; };
		AF2DCF532A2679E600302448 /* Base */ = {isa = PBXFileReference; lastKnownFileType = file.storyboard; name = Base; path = Base.lproj/LaunchScreen.storyboard; sourceTree = "<group>"; };
		AF2DCF552A2679E600302448 /* Info.plist */ = {isa = PBXFileReference; lastKnownFileType = text.plist.xml; path = Info.plist; sourceTree = "<group>"; };
		AF2DCF5B2A267DCE00302448 /* KisiKayitVC.swift */ = {isa = PBXFileReference; lastKnownFileType = sourcecode.swift; path = KisiKayitVC.swift; sourceTree = "<group>"; };
		AF2DCF5D2A267DFC00302448 /* KisiDetayVC.swift */ = {isa = PBXFileReference; lastKnownFileType = sourcecode.swift; path = KisiDetayVC.swift; sourceTree = "<group>"; };
		AF2DCF5F2A2692FF00302448 /* Kisiler.swift */ = {isa = PBXFileReference; lastKnownFileType = sourcecode.swift; path = Kisiler.swift; sourceTree = "<group>"; };
		AF2DCF612A2B1C0C00302448 /* KisiTableViewCell.swift */ = {isa = PBXFileReference; lastKnownFileType = sourcecode.swift; path = KisiTableViewCell.swift; sourceTree = "<group>"; };
		AF5DD6112A6297560009B9EB /* AnasayfaProtocols.swift */ = {isa = PBXFileReference; lastKnownFileType = sourcecode.swift; path = AnasayfaProtocols.swift; sourceTree = "<group>"; };
		AF5DD6132A62976A0009B9EB /* AnasayfaRouter.swift */ = {isa = PBXFileReference; lastKnownFileType = sourcecode.swift; path = AnasayfaRouter.swift; sourceTree = "<group>"; };
		AF5DD6152A63140F0009B9EB /* AnasayfaInteractor.swift */ = {isa = PBXFileReference; lastKnownFileType = sourcecode.swift; path = AnasayfaInteractor.swift; sourceTree = "<group>"; };
		AF5DD6182A6314430009B9EB /* AnasayfaPresenter.swift */ = {isa = PBXFileReference; lastKnownFileType = sourcecode.swift; path = AnasayfaPresenter.swift; sourceTree = "<group>"; };
		AF5DD61E2A6317330009B9EB /* KisiKayitProtocols.swift */ = {isa = PBXFileReference; lastKnownFileType = sourcecode.swift; path = KisiKayitProtocols.swift; sourceTree = "<group>"; };
		AF5DD6202A63176E0009B9EB /* KisiKayitRouter.swift */ = {isa = PBXFileReference; lastKnownFileType = sourcecode.swift; path = KisiKayitRouter.swift; sourceTree = "<group>"; };
		AF5DD6222A63177F0009B9EB /* KisiKayitInteractor.swift */ = {isa = PBXFileReference; lastKnownFileType = sourcecode.swift; path = KisiKayitInteractor.swift; sourceTree = "<group>"; };
		AF5DD6282A6318400009B9EB /* KisiDetayProtocols.swift */ = {isa = PBXFileReference; lastKnownFileType = sourcecode.swift; path = KisiDetayProtocols.swift; sourceTree = "<group>"; };
		AF5DD62A2A6318570009B9EB /* KisiDetayRouter.swift */ = {isa = PBXFileReference; lastKnownFileType = sourcecode.swift; path = KisiDetayRouter.swift; sourceTree = "<group>"; };
		AF5DD62C2A6318970009B9EB /* KisiDetayPresenter.swift */ = {isa = PBXFileReference; lastKnownFileType = sourcecode.swift; path = KisiDetayPresenter.swift; sourceTree = "<group>"; };
		AF5DD62E2A6319050009B9EB /* KisiDetayInteractor.swift */ = {isa = PBXFileReference; lastKnownFileType = sourcecode.swift; path = KisiDetayInteractor.swift; sourceTree = "<group>"; };
		AF5DD6312A6321940009B9EB /* KisiKayitPresenter.swift */ = {isa = PBXFileReference; lastKnownFileType = sourcecode.swift; path = KisiKayitPresenter.swift; sourceTree = "<group>"; };
		AF5DD6342A648C780009B9EB /* rehber.sqlite */ = {isa = PBXFileReference; lastKnownFileType = file; path = rehber.sqlite; sourceTree = "<group>"; };
		AF7531C92A65C861008FE436 /* libsqlite3.tbd */ = {isa = PBXFileReference; lastKnownFileType = "sourcecode.text-based-dylib-definition"; name = libsqlite3.tbd; path = usr/lib/libsqlite3.tbd; sourceTree = SDKROOT; };
		AF76E8A42A6BB19400C62AD2 /* UDM-KisilerAppViperDsgn-Bridging-Header.h */ = {isa = PBXFileReference; lastKnownFileType = sourcecode.c.h; path = "UDM-KisilerAppViperDsgn-Bridging-Header.h"; sourceTree = "<group>"; };
		AF76E8A52A6BB19400C62AD2 /* FMDatabaseQueue.m */ = {isa = PBXFileReference; fileEncoding = 4; lastKnownFileType = sourcecode.c.objc; path = FMDatabaseQueue.m; sourceTree = "<group>"; };
		AF76E8A62A6BB19400C62AD2 /* FMResultSet.h */ = {isa = PBXFileReference; fileEncoding = 4; lastKnownFileType = sourcecode.c.h; path = FMResultSet.h; sourceTree = "<group>"; };
		AF76E8A72A6BB19400C62AD2 /* FMDatabaseAdditions.m */ = {isa = PBXFileReference; fileEncoding = 4; lastKnownFileType = sourcecode.c.objc; path = FMDatabaseAdditions.m; sourceTree = "<group>"; };
		AF76E8A82A6BB19400C62AD2 /* FMDatabasePool.m */ = {isa = PBXFileReference; fileEncoding = 4; lastKnownFileType = sourcecode.c.objc; path = FMDatabasePool.m; sourceTree = "<group>"; };
		AF76E8A92A6BB19400C62AD2 /* FMDatabase.h */ = {isa = PBXFileReference; fileEncoding = 4; lastKnownFileType = sourcecode.c.h; path = FMDatabase.h; sourceTree = "<group>"; };
		AF76E8AA2A6BB19400C62AD2 /* FMDatabase.m */ = {isa = PBXFileReference; fileEncoding = 4; lastKnownFileType = sourcecode.c.objc; path = FMDatabase.m; sourceTree = "<group>"; };
		AF76E8AB2A6BB19400C62AD2 /* FMDatabaseAdditions.h */ = {isa = PBXFileReference; fileEncoding = 4; lastKnownFileType = sourcecode.c.h; path = FMDatabaseAdditions.h; sourceTree = "<group>"; };
		AF76E8AC2A6BB19400C62AD2 /* FMDatabaseQueue.h */ = {isa = PBXFileReference; fileEncoding = 4; lastKnownFileType = sourcecode.c.h; path = FMDatabaseQueue.h; sourceTree = "<group>"; };
		AF76E8AD2A6BB19400C62AD2 /* FMResultSet.m */ = {isa = PBXFileReference; fileEncoding = 4; lastKnownFileType = sourcecode.c.objc; path = FMResultSet.m; sourceTree = "<group>"; };
		AF76E8AE2A6BB19400C62AD2 /* FMDatabasePool.h */ = {isa = PBXFileReference; fileEncoding = 4; lastKnownFileType = sourcecode.c.h; path = FMDatabasePool.h; sourceTree = "<group>"; };
		AF76E8AF2A6BB19500C62AD2 /* FMDB.h */ = {isa = PBXFileReference; fileEncoding = 4; lastKnownFileType = sourcecode.c.h; path = FMDB.h; sourceTree = "<group>"; };
/* End PBXFileReference section */

/* Begin PBXFrameworksBuildPhase section */
		AF2DCF412A2679E500302448 /* Frameworks */ = {
			isa = PBXFrameworksBuildPhase;
			buildActionMask = 2147483647;
			files = (
				AF76E8A02A6BAB2F00C62AD2 /* libsqlite3.tbd in Frameworks */,
			);
			runOnlyForDeploymentPostprocessing = 0;
		};
/* End PBXFrameworksBuildPhase section */

/* Begin PBXGroup section */
		AF2DCF3B2A2679E500302448 = {
			isa = PBXGroup;
			children = (
				AF2DCF462A2679E500302448 /* UDM-KisilerAppViperDsgn */,
				AF2DCF452A2679E500302448 /* Products */,
				AF7531C82A65C860008FE436 /* Frameworks */,
			);
			sourceTree = "<group>";
		};
		AF2DCF452A2679E500302448 /* Products */ = {
			isa = PBXGroup;
			children = (
				AF2DCF442A2679E500302448 /* UDM-KisilerAppViperDsgn.app */,
			);
			name = Products;
			sourceTree = "<group>";
		};
		AF2DCF462A2679E500302448 /* UDM-KisilerAppViperDsgn */ = {
			isa = PBXGroup;
			children = (
				AF76E8A32A6BB17E00C62AD2 /* FM */,
				AF2DCF472A2679E500302448 /* AppDelegate.swift */,
				AF5DD6072A62940C0009B9EB /* anasayfa-module */,
				AF2DCF492A2679E500302448 /* SceneDelegate.swift */,
				AF5DD6082A6294370009B9EB /* kisikayit-module */,
				AF5DD6092A62951F0009B9EB /* kisidetay-module */,
				AF2DCF4D2A2679E500302448 /* Main.storyboard */,
				AF2DCF612A2B1C0C00302448 /* KisiTableViewCell.swift */,
				AF2DCF502A2679E600302448 /* Assets.xcassets */,
				AF2DCF522A2679E600302448 /* LaunchScreen.storyboard */,
				AF2DCF552A2679E600302448 /* Info.plist */,
				AF5DD6342A648C780009B9EB /* rehber.sqlite */,
			);
			path = "UDM-KisilerAppViperDsgn";
			sourceTree = "<group>";
		};
		AF5DD6072A62940C0009B9EB /* anasayfa-module */ = {
			isa = PBXGroup;
			children = (
				AF5DD60F2A6296F80009B9EB /* protocols */,
				AF5DD60E2A6295930009B9EB /* router */,
				AF5DD60D2A6295890009B9EB /* tableview */,
				AF5DD60C2A62956C0009B9EB /* interactor */,
				AF5DD60B2A6295640009B9EB /* presenter */,
				AF5DD60A2A62955D0009B9EB /* view */,
			);
			path = "anasayfa-module";
			sourceTree = "<group>";
		};
		AF5DD6082A6294370009B9EB /* kisikayit-module */ = {
			isa = PBXGroup;
			children = (
				AF5DD6302A6321720009B9EB /* presenter */,
				AF5DD61D2A63166F0009B9EB /* view */,
				AF5DD61C2A6316640009B9EB /* interactor */,
				AF5DD61B2A63165D0009B9EB /* router */,
				AF5DD61A2A63164F0009B9EB /* protocols */,
			);
			path = "kisikayit-module";
			sourceTree = "<group>";
		};
		AF5DD6092A62951F0009B9EB /* kisidetay-module */ = {
			isa = PBXGroup;
			children = (
				AF5DD6332A632B230009B9EB /* view */,
				AF5DD6272A6318150009B9EB /* protocols */,
				AF5DD6262A6317F40009B9EB /* router */,
				AF5DD6252A6317DA0009B9EB /* presenter */,
				AF5DD6242A6317D10009B9EB /* interactor */,
				AF5DD6102A6297170009B9EB /* entity */,
			);
			path = "kisidetay-module";
			sourceTree = "<group>";
		};
		AF5DD60A2A62955D0009B9EB /* view */ = {
			isa = PBXGroup;
			children = (
				AF2DCF4B2A2679E500302448 /* AnasayfaVC.swift */,
			);
			path = view;
			sourceTree = "<group>";
		};
		AF5DD60B2A6295640009B9EB /* presenter */ = {
			isa = PBXGroup;
			children = (
				AF5DD6182A6314430009B9EB /* AnasayfaPresenter.swift */,
			);
			path = presenter;
			sourceTree = "<group>";
		};
		AF5DD60C2A62956C0009B9EB /* interactor */ = {
			isa = PBXGroup;
			children = (
				AF5DD6152A63140F0009B9EB /* AnasayfaInteractor.swift */,
			);
			path = interactor;
			sourceTree = "<group>";
		};
		AF5DD60D2A6295890009B9EB /* tableview */ = {
			isa = PBXGroup;
			children = (
			);
			path = tableview;
			sourceTree = "<group>";
		};
		AF5DD60E2A6295930009B9EB /* router */ = {
			isa = PBXGroup;
			children = (
				AF5DD6132A62976A0009B9EB /* AnasayfaRouter.swift */,
			);
			path = router;
			sourceTree = "<group>";
		};
		AF5DD60F2A6296F80009B9EB /* protocols */ = {
			isa = PBXGroup;
			children = (
				AF5DD6112A6297560009B9EB /* AnasayfaProtocols.swift */,
			);
			path = protocols;
			sourceTree = "<group>";
		};
		AF5DD6102A6297170009B9EB /* entity */ = {
			isa = PBXGroup;
			children = (
				AF2DCF5F2A2692FF00302448 /* Kisiler.swift */,
			);
			path = entity;
			sourceTree = "<group>";
		};
		AF5DD61A2A63164F0009B9EB /* protocols */ = {
			isa = PBXGroup;
			children = (
				AF5DD61E2A6317330009B9EB /* KisiKayitProtocols.swift */,
			);
			path = protocols;
			sourceTree = "<group>";
		};
		AF5DD61B2A63165D0009B9EB /* router */ = {
			isa = PBXGroup;
			children = (
				AF5DD6202A63176E0009B9EB /* KisiKayitRouter.swift */,
			);
			path = router;
			sourceTree = "<group>";
		};
		AF5DD61C2A6316640009B9EB /* interactor */ = {
			isa = PBXGroup;
			children = (
				AF5DD6222A63177F0009B9EB /* KisiKayitInteractor.swift */,
			);
			path = interactor;
			sourceTree = "<group>";
		};
		AF5DD61D2A63166F0009B9EB /* view */ = {
			isa = PBXGroup;
			children = (
				AF2DCF5B2A267DCE00302448 /* KisiKayitVC.swift */,
			);
			path = view;
			sourceTree = "<group>";
		};
		AF5DD6242A6317D10009B9EB /* interactor */ = {
			isa = PBXGroup;
			children = (
				AF5DD62E2A6319050009B9EB /* KisiDetayInteractor.swift */,
			);
			path = interactor;
			sourceTree = "<group>";
		};
		AF5DD6252A6317DA0009B9EB /* presenter */ = {
			isa = PBXGroup;
			children = (
				AF5DD62C2A6318970009B9EB /* KisiDetayPresenter.swift */,
			);
			path = presenter;
			sourceTree = "<group>";
		};
		AF5DD6262A6317F40009B9EB /* router */ = {
			isa = PBXGroup;
			children = (
				AF5DD62A2A6318570009B9EB /* KisiDetayRouter.swift */,
			);
			path = router;
			sourceTree = "<group>";
		};
		AF5DD6272A6318150009B9EB /* protocols */ = {
			isa = PBXGroup;
			children = (
				AF5DD6282A6318400009B9EB /* KisiDetayProtocols.swift */,
			);
			path = protocols;
			sourceTree = "<group>";
		};
		AF5DD6302A6321720009B9EB /* presenter */ = {
			isa = PBXGroup;
			children = (
				AF5DD6312A6321940009B9EB /* KisiKayitPresenter.swift */,
			);
			path = presenter;
			sourceTree = "<group>";
		};
		AF5DD6332A632B230009B9EB /* view */ = {
			isa = PBXGroup;
			children = (
				AF2DCF5D2A267DFC00302448 /* KisiDetayVC.swift */,
			);
			path = view;
			sourceTree = "<group>";
		};
		AF7531C82A65C860008FE436 /* Frameworks */ = {
			isa = PBXGroup;
			children = (
				AF7531C92A65C861008FE436 /* libsqlite3.tbd */,
			);
			name = Frameworks;
			sourceTree = "<group>";
		};
		AF76E8A32A6BB17E00C62AD2 /* FM */ = {
			isa = PBXGroup;
			children = (
				AF76E8A92A6BB19400C62AD2 /* FMDatabase.h */,
				AF76E8AA2A6BB19400C62AD2 /* FMDatabase.m */,
				AF76E8AB2A6BB19400C62AD2 /* FMDatabaseAdditions.h */,
				AF76E8A72A6BB19400C62AD2 /* FMDatabaseAdditions.m */,
				AF76E8AE2A6BB19400C62AD2 /* FMDatabasePool.h */,
				AF76E8A82A6BB19400C62AD2 /* FMDatabasePool.m */,
				AF76E8AC2A6BB19400C62AD2 /* FMDatabaseQueue.h */,
				AF76E8A52A6BB19400C62AD2 /* FMDatabaseQueue.m */,
				AF76E8AF2A6BB19500C62AD2 /* FMDB.h */,
				AF76E8A62A6BB19400C62AD2 /* FMResultSet.h */,
				AF76E8AD2A6BB19400C62AD2 /* FMResultSet.m */,
				AF76E8A42A6BB19400C62AD2 /* UDM-KisilerAppViperDsgn-Bridging-Header.h */,
			);
			path = FM;
			sourceTree = "<group>";
		};
/* End PBXGroup section */

/* Begin PBXNativeTarget section */
		AF2DCF432A2679E500302448 /* UDM-KisilerAppViperDsgn */ = {
			isa = PBXNativeTarget;
			buildConfigurationList = AF2DCF582A2679E600302448 /* Build configuration list for PBXNativeTarget "UDM-KisilerAppViperDsgn" */;
			buildPhases = (
				AF2DCF402A2679E500302448 /* Sources */,
				AF2DCF412A2679E500302448 /* Frameworks */,
				AF2DCF422A2679E500302448 /* Resources */,
			);
			buildRules = (
			);
			dependencies = (
			);
			name = "UDM-KisilerAppViperDsgn";
			productName = "UDM-KisilerAppViperDsgn";
			productReference = AF2DCF442A2679E500302448 /* UDM-KisilerAppViperDsgn.app */;
			productType = "com.apple.product-type.application";
		};
/* End PBXNativeTarget section */

/* Begin PBXProject section */
		AF2DCF3C2A2679E500302448 /* Project object */ = {
			isa = PBXProject;
			attributes = {
				BuildIndependentTargetsInParallel = 1;
				LastSwiftUpdateCheck = 1320;
				LastUpgradeCheck = 1320;
				TargetAttributes = {
					AF2DCF432A2679E500302448 = {
						CreatedOnToolsVersion = 13.2.1;
						LastSwiftMigration = 1320;
					};
				};
			};
			buildConfigurationList = AF2DCF3F2A2679E500302448 /* Build configuration list for PBXProject "UDM-KisilerAppViperDsgn" */;
			compatibilityVersion = "Xcode 13.0";
			developmentRegion = en;
			hasScannedForEncodings = 0;
			knownRegions = (
				en,
				Base,
			);
			mainGroup = AF2DCF3B2A2679E500302448;
			productRefGroup = AF2DCF452A2679E500302448 /* Products */;
			projectDirPath = "";
			projectRoot = "";
			targets = (
				AF2DCF432A2679E500302448 /* UDM-KisilerAppViperDsgn */,
			);
		};
/* End PBXProject section */

/* Begin PBXResourcesBuildPhase section */
		AF2DCF422A2679E500302448 /* Resources */ = {
			isa = PBXResourcesBuildPhase;
			buildActionMask = 2147483647;
			files = (
				AF2DCF542A2679E600302448 /* LaunchScreen.storyboard in Resources */,
				AF5DD6352A648C780009B9EB /* rehber.sqlite in Resources */,
				AF2DCF512A2679E600302448 /* Assets.xcassets in Resources */,
				AF2DCF4F2A2679E500302448 /* Main.storyboard in Resources */,
			);
			runOnlyForDeploymentPostprocessing = 0;
		};
/* End PBXResourcesBuildPhase section */

/* Begin PBXSourcesBuildPhase section */
		AF2DCF402A2679E500302448 /* Sources */ = {
			isa = PBXSourcesBuildPhase;
			buildActionMask = 2147483647;
			files = (
				AF5DD62F2A6319050009B9EB /* KisiDetayInteractor.swift in Sources */,
				AF5DD6322A6321940009B9EB /* KisiKayitPresenter.swift in Sources */,
				AF5DD6212A63176E0009B9EB /* KisiKayitRouter.swift in Sources */,
				AF5DD6142A62976A0009B9EB /* AnasayfaRouter.swift in Sources */,
				AF2DCF5E2A267DFC00302448 /* KisiDetayVC.swift in Sources */,
				AF76E8B22A6BB19500C62AD2 /* FMDatabasePool.m in Sources */,
				AF76E8B42A6BB19500C62AD2 /* FMResultSet.m in Sources */,
				AF76E8B12A6BB19500C62AD2 /* FMDatabaseAdditions.m in Sources */,
				AF76E8B02A6BB19500C62AD2 /* FMDatabaseQueue.m in Sources */,
				AF76E8B32A6BB19500C62AD2 /* FMDatabase.m in Sources */,
				AF5DD62B2A6318570009B9EB /* KisiDetayRouter.swift in Sources */,
				AF2DCF4C2A2679E500302448 /* AnasayfaVC.swift in Sources */,
				AF5DD6292A6318400009B9EB /* KisiDetayProtocols.swift in Sources */,
				AF2DCF622A2B1C0C00302448 /* KisiTableViewCell.swift in Sources */,
				AF5DD6122A6297560009B9EB /* AnasayfaProtocols.swift in Sources */,
				AF2DCF482A2679E500302448 /* AppDelegate.swift in Sources */,
				AF2DCF4A2A2679E500302448 /* SceneDelegate.swift in Sources */,
				AF2DCF5C2A267DCE00302448 /* KisiKayitVC.swift in Sources */,
				AF5DD6192A6314430009B9EB /* AnasayfaPresenter.swift in Sources */,
				AF5DD6162A63140F0009B9EB /* AnasayfaInteractor.swift in Sources */,
				AF5DD6232A63177F0009B9EB /* KisiKayitInteractor.swift in Sources */,
				AF5DD61F2A6317330009B9EB /* KisiKayitProtocols.swift in Sources */,
				AF5DD62D2A6318970009B9EB /* KisiDetayPresenter.swift in Sources */,
				AF2DCF602A2692FF00302448 /* Kisiler.swift in Sources */,
			);
			runOnlyForDeploymentPostprocessing = 0;
		};
/* End PBXSourcesBuildPhase section */

/* Begin PBXVariantGroup section */
		AF2DCF4D2A2679E500302448 /* Main.storyboard */ = {
			isa = PBXVariantGroup;
			children = (
				AF2DCF4E2A2679E500302448 /* Base */,
			);
			name = Main.storyboard;
			sourceTree = "<group>";
		};
		AF2DCF522A2679E600302448 /* LaunchScreen.storyboard */ = {
			isa = PBXVariantGroup;
			children = (
				AF2DCF532A2679E600302448 /* Base */,
			);
			name = LaunchScreen.storyboard;
			sourceTree = "<group>";
		};
/* End PBXVariantGroup section */

/* Begin XCBuildConfiguration section */
		AF2DCF562A2679E600302448 /* Debug */ = {
			isa = XCBuildConfiguration;
			buildSettings = {
				ALWAYS_SEARCH_USER_PATHS = NO;
				CLANG_ANALYZER_NONNULL = YES;
				CLANG_ANALYZER_NUMBER_OBJECT_CONVERSION = YES_AGGRESSIVE;
				CLANG_CXX_LANGUAGE_STANDARD = "gnu++17";
				CLANG_CXX_LIBRARY = "libc++";
				CLANG_ENABLE_MODULES = YES;
				CLANG_ENABLE_OBJC_ARC = YES;
				CLANG_ENABLE_OBJC_WEAK = YES;
				CLANG_WARN_BLOCK_CAPTURE_AUTORELEASING = YES;
				CLANG_WARN_BOOL_CONVERSION = YES;
				CLANG_WARN_COMMA = YES;
				CLANG_WARN_CONSTANT_CONVERSION = YES;
				CLANG_WARN_DEPRECATED_OBJC_IMPLEMENTATIONS = YES;
				CLANG_WARN_DIRECT_OBJC_ISA_USAGE = YES_ERROR;
				CLANG_WARN_DOCUMENTATION_COMMENTS = YES;
				CLANG_WARN_EMPTY_BODY = YES;
				CLANG_WARN_ENUM_CONVERSION = YES;
				CLANG_WARN_INFINITE_RECURSION = YES;
				CLANG_WARN_INT_CONVERSION = YES;
				CLANG_WARN_NON_LITERAL_NULL_CONVERSION = YES;
				CLANG_WARN_OBJC_IMPLICIT_RETAIN_SELF = YES;
				CLANG_WARN_OBJC_LITERAL_CONVERSION = YES;
				CLANG_WARN_OBJC_ROOT_CLASS = YES_ERROR;
				CLANG_WARN_QUOTED_INCLUDE_IN_FRAMEWORK_HEADER = YES;
				CLANG_WARN_RANGE_LOOP_ANALYSIS = YES;
				CLANG_WARN_STRICT_PROTOTYPES = YES;
				CLANG_WARN_SUSPICIOUS_MOVE = YES;
				CLANG_WARN_UNGUARDED_AVAILABILITY = YES_AGGRESSIVE;
				CLANG_WARN_UNREACHABLE_CODE = YES;
				CLANG_WARN__DUPLICATE_METHOD_MATCH = YES;
				COPY_PHASE_STRIP = NO;
				DEBUG_INFORMATION_FORMAT = dwarf;
				ENABLE_STRICT_OBJC_MSGSEND = YES;
				ENABLE_TESTABILITY = YES;
				GCC_C_LANGUAGE_STANDARD = gnu11;
				GCC_DYNAMIC_NO_PIC = NO;
				GCC_NO_COMMON_BLOCKS = YES;
				GCC_OPTIMIZATION_LEVEL = 0;
				GCC_PREPROCESSOR_DEFINITIONS = (
					"DEBUG=1",
					"$(inherited)",
				);
				GCC_WARN_64_TO_32_BIT_CONVERSION = YES;
				GCC_WARN_ABOUT_RETURN_TYPE = YES_ERROR;
				GCC_WARN_UNDECLARED_SELECTOR = YES;
				GCC_WARN_UNINITIALIZED_AUTOS = YES_AGGRESSIVE;
				GCC_WARN_UNUSED_FUNCTION = YES;
				GCC_WARN_UNUSED_VARIABLE = YES;
				IPHONEOS_DEPLOYMENT_TARGET = 15.2;
				MTL_ENABLE_DEBUG_INFO = INCLUDE_SOURCE;
				MTL_FAST_MATH = YES;
				ONLY_ACTIVE_ARCH = YES;
				SDKROOT = iphoneos;
				SWIFT_ACTIVE_COMPILATION_CONDITIONS = DEBUG;
				SWIFT_OBJC_BRIDGING_HEADER = "UDM-KisilerAppViperDsgn/FM/UDM-KisilerAppViperDsgn-Bridging-Header.h";
				SWIFT_OPTIMIZATION_LEVEL = "-Onone";
			};
			name = Debug;
		};
		AF2DCF572A2679E600302448 /* Release */ = {
			isa = XCBuildConfiguration;
			buildSettings = {
				ALWAYS_SEARCH_USER_PATHS = NO;
				CLANG_ANALYZER_NONNULL = YES;
				CLANG_ANALYZER_NUMBER_OBJECT_CONVERSION = YES_AGGRESSIVE;
				CLANG_CXX_LANGUAGE_STANDARD = "gnu++17";
				CLANG_CXX_LIBRARY = "libc++";
				CLANG_ENABLE_MODULES = YES;
				CLANG_ENABLE_OBJC_ARC = YES;
				CLANG_ENABLE_OBJC_WEAK = YES;
				CLANG_WARN_BLOCK_CAPTURE_AUTORELEASING = YES;
				CLANG_WARN_BOOL_CONVERSION = YES;
				CLANG_WARN_COMMA = YES;
				CLANG_WARN_CONSTANT_CONVERSION = YES;
				CLANG_WARN_DEPRECATED_OBJC_IMPLEMENTATIONS = YES;
				CLANG_WARN_DIRECT_OBJC_ISA_USAGE = YES_ERROR;
				CLANG_WARN_DOCUMENTATION_COMMENTS = YES;
				CLANG_WARN_EMPTY_BODY = YES;
				CLANG_WARN_ENUM_CONVERSION = YES;
				CLANG_WARN_INFINITE_RECURSION = YES;
				CLANG_WARN_INT_CONVERSION = YES;
				CLANG_WARN_NON_LITERAL_NULL_CONVERSION = YES;
				CLANG_WARN_OBJC_IMPLICIT_RETAIN_SELF = YES;
				CLANG_WARN_OBJC_LITERAL_CONVERSION = YES;
				CLANG_WARN_OBJC_ROOT_CLASS = YES_ERROR;
				CLANG_WARN_QUOTED_INCLUDE_IN_FRAMEWORK_HEADER = YES;
				CLANG_WARN_RANGE_LOOP_ANALYSIS = YES;
				CLANG_WARN_STRICT_PROTOTYPES = YES;
				CLANG_WARN_SUSPICIOUS_MOVE = YES;
				CLANG_WARN_UNGUARDED_AVAILABILITY = YES_AGGRESSIVE;
				CLANG_WARN_UNREACHABLE_CODE = YES;
				CLANG_WARN__DUPLICATE_METHOD_MATCH = YES;
				COPY_PHASE_STRIP = NO;
				DEBUG_INFORMATION_FORMAT = "dwarf-with-dsym";
				ENABLE_NS_ASSERTIONS = NO;
				ENABLE_STRICT_OBJC_MSGSEND = YES;
				GCC_C_LANGUAGE_STANDARD = gnu11;
				GCC_NO_COMMON_BLOCKS = YES;
				GCC_WARN_64_TO_32_BIT_CONVERSION = YES;
				GCC_WARN_ABOUT_RETURN_TYPE = YES_ERROR;
				GCC_WARN_UNDECLARED_SELECTOR = YES;
				GCC_WARN_UNINITIALIZED_AUTOS = YES_AGGRESSIVE;
				GCC_WARN_UNUSED_FUNCTION = YES;
				GCC_WARN_UNUSED_VARIABLE = YES;
				IPHONEOS_DEPLOYMENT_TARGET = 15.2;
				MTL_ENABLE_DEBUG_INFO = NO;
				MTL_FAST_MATH = YES;
				SDKROOT = iphoneos;
				SWIFT_COMPILATION_MODE = wholemodule;
				SWIFT_OBJC_BRIDGING_HEADER = "UDM-KisilerAppViperDsgn/FM/UDM-KisilerAppViperDsgn-Bridging-Header.h";
				SWIFT_OPTIMIZATION_LEVEL = "-O";
				VALIDATE_PRODUCT = YES;
			};
			name = Release;
		};
		AF2DCF592A2679E600302448 /* Debug */ = {
			isa = XCBuildConfiguration;
			buildSettings = {
				ASSETCATALOG_COMPILER_APPICON_NAME = AppIcon;
				ASSETCATALOG_COMPILER_GLOBAL_ACCENT_COLOR_NAME = AccentColor;
				CLANG_ENABLE_MODULES = YES;
				CODE_SIGN_STYLE = Automatic;
				CURRENT_PROJECT_VERSION = 1;
				DEVELOPMENT_TEAM = 5LZ6PMQFFM;
				GENERATE_INFOPLIST_FILE = YES;
				INFOPLIST_FILE = "UDM-KisilerAppViperDsgn/Info.plist";
				INFOPLIST_KEY_UIApplicationSupportsIndirectInputEvents = YES;
				INFOPLIST_KEY_UILaunchStoryboardName = LaunchScreen;
				INFOPLIST_KEY_UIMainStoryboardFile = Main;
				INFOPLIST_KEY_UISupportedInterfaceOrientations_iPad = "UIInterfaceOrientationPortrait UIInterfaceOrientationPortraitUpsideDown UIInterfaceOrientationLandscapeLeft UIInterfaceOrientationLandscapeRight";
				INFOPLIST_KEY_UISupportedInterfaceOrientations_iPhone = "UIInterfaceOrientationPortrait UIInterfaceOrientationLandscapeLeft UIInterfaceOrientationLandscapeRight";
				LD_RUNPATH_SEARCH_PATHS = (
					"$(inherited)",
					"@executable_path/Frameworks",
				);
				MARKETING_VERSION = 1.0;
				PRODUCT_BUNDLE_IDENTIFIER = "tr.com.ahmetazak.UDM-KisilerAppViperDsgn";
				PRODUCT_NAME = "$(TARGET_NAME)";
				SWIFT_EMIT_LOC_STRINGS = YES;
				SWIFT_OBJC_BRIDGING_HEADER = "UDM-KisilerAppViperDsgn/FM/UDM-KisilerAppViperDsgn-Bridging-Header.h";
				SWIFT_OPTIMIZATION_LEVEL = "-Onone";
				SWIFT_VERSION = 5.0;
				TARGETED_DEVICE_FAMILY = "1,2";
			};
			name = Debug;
		};
		AF2DCF5A2A2679E600302448 /* Release */ = {
			isa = XCBuildConfiguration;
			buildSettings = {
				ASSETCATALOG_COMPILER_APPICON_NAME = AppIcon;
				ASSETCATALOG_COMPILER_GLOBAL_ACCENT_COLOR_NAME = AccentColor;
				CLANG_ENABLE_MODULES = YES;
				CODE_SIGN_STYLE = Automatic;
				CURRENT_PROJECT_VERSION = 1;
				DEVELOPMENT_TEAM = 5LZ6PMQFFM;
				GENERATE_INFOPLIST_FILE = YES;
				INFOPLIST_FILE = "UDM-KisilerAppViperDsgn/Info.plist";
				INFOPLIST_KEY_UIApplicationSupportsIndirectInputEvents = YES;
				INFOPLIST_KEY_UILaunchStoryboardName = LaunchScreen;
				INFOPLIST_KEY_UIMainStoryboardFile = Main;
				INFOPLIST_KEY_UISupportedInterfaceOrientations_iPad = "UIInterfaceOrientationPortrait UIInterfaceOrientationPortraitUpsideDown UIInterfaceOrientationLandscapeLeft UIInterfaceOrientationLandscapeRight";
				INFOPLIST_KEY_UISupportedInterfaceOrientations_iPhone = "UIInterfaceOrientationPortrait UIInterfaceOrientationLandscapeLeft UIInterfaceOrientationLandscapeRight";
				LD_RUNPATH_SEARCH_PATHS = (
					"$(inherited)",
					"@executable_path/Frameworks",
				);
				MARKETING_VERSION = 1.0;
				PRODUCT_BUNDLE_IDENTIFIER = "tr.com.ahmetazak.UDM-KisilerAppViperDsgn";
				PRODUCT_NAME = "$(TARGET_NAME)";
				SWIFT_EMIT_LOC_STRINGS = YES;
				SWIFT_OBJC_BRIDGING_HEADER = "UDM-KisilerAppViperDsgn/FM/UDM-KisilerAppViperDsgn-Bridging-Header.h";
				SWIFT_VERSION = 5.0;
				TARGETED_DEVICE_FAMILY = "1,2";
			};
			name = Release;
		};
/* End XCBuildConfiguration section */

/* Begin XCConfigurationList section */
		AF2DCF3F2A2679E500302448 /* Build configuration list for PBXProject "UDM-KisilerAppViperDsgn" */ = {
			isa = XCConfigurationList;
			buildConfigurations = (
				AF2DCF562A2679E600302448 /* Debug */,
				AF2DCF572A2679E600302448 /* Release */,
			);
			defaultConfigurationIsVisible = 0;
			defaultConfigurationName = Release;
		};
		AF2DCF582A2679E600302448 /* Build configuration list for PBXNativeTarget "UDM-KisilerAppViperDsgn" */ = {
			isa = XCConfigurationList;
			buildConfigurations = (
				AF2DCF592A2679E600302448 /* Debug */,
				AF2DCF5A2A2679E600302448 /* Release */,
			);
			defaultConfigurationIsVisible = 0;
			defaultConfigurationName = Release;
		};
/* End XCConfigurationList section */
	};
	rootObject = AF2DCF3C2A2679E500302448 /* Project object */;
}
